{
  "name": "awesome-examples",
  "version": "1.0.0",
  "lockfileVersion": 2,
  "requires": true,
  "packages": {
    "": {
      "version": "1.0.0",
      "hasInstallScript": true,
      "license": "ISC",
      "devDependencies": {
        "@types/node": "^18.11.0"
      }
    },
    "node_modules/.pnpm/@types+node@18.11.0/node_modules/@types/node": {
      "version": "18.11.0",
      "dev": true,
      "license": "MIT"
    },
    "node_modules/@types/node": {
      "resolved": "node_modules/.pnpm/@types+node@18.11.0/node_modules/@types/node",
      "link": true
    }
  },
  "dependencies": {
    "@types/node": {
      "version": "file:node_modules/.pnpm/@types+node@18.11.0/node_modules/@types/node"
    }
  }
}
