lockfileVersion: 5.4

specifiers:
  qrcode-terminal: ^0.12.0

devDependencies:
  qrcode-terminal: 0.12.0

packages:

  /qrcode-terminal/0.12.0:
    resolution: {integrity: sha512-EXtzRZmC+YGmGlDFbXKxQiMZNwCLEO6BANKXG4iCtSIM0yqc/pappSx3RIKr4r0uh5JsBckOXeKrB3Iz7mdQpQ==}
    hasBin: true
    dev: true
